
Microsoft Visual Studio Solution File, Format Version 12.00
# Visual Studio 15
VisualStudioVersion = 15.0.28307.572
MinimumVisualStudioVersion = 10.0.40219.1
Project("{FAE04EC0-301F-11D3-BF4B-00C04F79EFBC}") = "ConsoleTest", "ConsoleTest\ConsoleTest.csproj", "{912BE8EE-D008-4602-918B-F5A4DA1FAF83}"
EndProject
Project("{FAE04EC0-301F-11D3-BF4B-00C04F79EFBC}") = "SceneParser", "SceneParser\SceneParser.csproj", "{E1EC5AA7-A870-470D-A991-6DC110FBD847}"
EndProject
Global
	GlobalSection(SolutionConfigurationPlatforms) = preSolution
		Debug|Any CPU = Debug|Any CPU
		Release|Any CPU = Release|Any CPU
	EndGlobalSection
	GlobalSection(ProjectConfigurationPlatforms) = postSolution
		{912BE8EE-D008-4602-918B-F5A4DA1FAF83}.Debug|Any CPU.ActiveCfg = Debug|Any CPU
		{912BE8EE-D008-4602-918B-F5A4DA1FAF83}.Debug|Any CPU.Build.0 = Debug|Any CPU
		{912BE8EE-D008-4602-918B-F5A4DA1FAF83}.Release|Any CPU.ActiveCfg = Release|Any CPU
		{912BE8EE-D008-4602-918B-F5A4DA1FAF83}.Release|Any CPU.Build.0 = Release|Any CPU
		{E1EC5AA7-A870-470D-A991-6DC110FBD847}.Debug|Any CPU.ActiveCfg = Debug|Any CPU
		{E1EC5AA7-A870-470D-A991-6DC110FBD847}.Debug|Any CPU.Build.0 = Debug|Any CPU
		{E1EC5AA7-A870-470D-A991-6DC110FBD847}.Release|Any CPU.ActiveCfg = Release|Any CPU
		{E1EC5AA7-A870-470D-A991-6DC110FBD847}.Release|Any CPU.Build.0 = Release|Any CPU
	EndGlobalSection
	GlobalSection(SolutionProperties) = preSolution
		HideSolutionNode = FALSE
	EndGlobalSection
	GlobalSection(ExtensibilityGlobals) = postSolution
		SolutionGuid = {0535B845-51F3-49AD-8D5C-B7C7DB6F200A}
	EndGlobalSection
EndGlobal
